
Microsoft Visual Studio Solution File, Format Version 12.00
# Visual Studio Version 17
VisualStudioVersion = 17.13.35913.81 d17.13
MinimumVisualStudioVersion = 10.0.40219.1
Project("{FAE04EC0-301F-11D3-BF4B-00C04F79EFBC}") = "AIModel", "AIModel.csproj", "{99E213B6-7129-4D90-85A8-0F649284CECC}"
EndProject
Global
	GlobalSection(SolutionConfigurationPlatforms) = preSolution
		Debug|Any CPU = Debug|Any CPU
		Release|Any CPU = Release|Any CPU
	EndGlobalSection
	GlobalSection(ProjectConfigurationPlatforms) = postSolution
		{99E213B6-7129-4D90-85A8-0F649284CECC}.Debug|Any CPU.ActiveCfg = Debug|Any CPU
		{99E213B6-7129-4D90-85A8-0F649284CECC}.Debug|Any CPU.Build.0 = Debug|Any CPU
		{99E213B6-7129-4D90-85A8-0F649284CECC}.Release|Any CPU.ActiveCfg = Release|Any CPU
		{99E213B6-7129-4D90-85A8-0F649284CECC}.Release|Any CPU.Build.0 = Release|Any CPU
	EndGlobalSection
	GlobalSection(SolutionProperties) = preSolution
		HideSolutionNode = FALSE
	EndGlobalSection
	GlobalSection(ExtensibilityGlobals) = postSolution
		SolutionGuid = {4E18A0E2-525F-457B-B1A1-D640381E4DB3}
	EndGlobalSection
EndGlobal
